
Microsoft Visual Studio Solution File, Format Version 12.00
# Visual Studio Version 16
VisualStudioVersion = 16.0.31515.178
MinimumVisualStudioVersion = 10.0.40219.1
Project("{FAE04EC0-301F-11D3-BF4B-00C04F79EFBC}") = "ConexaoMySql", "ConexaoMySql.csproj", "{21045970-DA2F-4E83-B981-030B880306A5}"
EndProject
Global
	GlobalSection(SolutionConfigurationPlatforms) = preSolution
		Debug|Any CPU = Debug|Any CPU
		Release|Any CPU = Release|Any CPU
	EndGlobalSection
	GlobalSection(ProjectConfigurationPlatforms) = postSolution
		{21045970-DA2F-4E83-B981-030B880306A5}.Debug|Any CPU.ActiveCfg = Debug|Any CPU
		{21045970-DA2F-4E83-B981-030B880306A5}.Debug|Any CPU.Build.0 = Debug|Any CPU
		{21045970-DA2F-4E83-B981-030B880306A5}.Release|Any CPU.ActiveCfg = Release|Any CPU
		{21045970-DA2F-4E83-B981-030B880306A5}.Release|Any CPU.Build.0 = Release|Any CPU
	EndGlobalSection
	GlobalSection(SolutionProperties) = preSolution
		HideSolutionNode = FALSE
	EndGlobalSection
	GlobalSection(ExtensibilityGlobals) = postSolution
		SolutionGuid = {3468A46A-7C86-44DA-A340-D813014ABCA5}
	EndGlobalSection
EndGlobal
