
Microsoft Visual Studio Solution File, Format Version 12.00
# Visual Studio Version 16
VisualStudioVersion = 16.0.31515.178
MinimumVisualStudioVersion = 10.0.40219.1
Project("{FAE04EC0-301F-11D3-BF4B-00C04F79EFBC}") = "transaction", "transaction\transaction.csproj", "{2097732D-74AB-4FC7-AC3E-EC476B0156EE}"
EndProject
Global
	GlobalSection(SolutionConfigurationPlatforms) = preSolution
		Debug|Any CPU = Debug|Any CPU
		Release|Any CPU = Release|Any CPU
	EndGlobalSection
	GlobalSection(ProjectConfigurationPlatforms) = postSolution
		{2097732D-74AB-4FC7-AC3E-EC476B0156EE}.Debug|Any CPU.ActiveCfg = Debug|Any CPU
		{2097732D-74AB-4FC7-AC3E-EC476B0156EE}.Debug|Any CPU.Build.0 = Debug|Any CPU
		{2097732D-74AB-4FC7-AC3E-EC476B0156EE}.Release|Any CPU.ActiveCfg = Release|Any CPU
		{2097732D-74AB-4FC7-AC3E-EC476B0156EE}.Release|Any CPU.Build.0 = Release|Any CPU
	EndGlobalSection
	GlobalSection(SolutionProperties) = preSolution
		HideSolutionNode = FALSE
	EndGlobalSection
	GlobalSection(ExtensibilityGlobals) = postSolution
		SolutionGuid = {4C1BA028-1109-4258-A1B6-9FE9B02E2E85}
	EndGlobalSection
EndGlobal
